// !$*UTF8*$!
{
	archiveVersion = 1;
	classes = {
	};
	objectVersion = 46;
	objects = {

/* Begin PBXBuildFile section */
		6B7D93CB1A1187D00023E42D /* main.m in Sources */ = {isa = PBXBuildFile; fileRef = 6B7D93CA1A1187D00023E42D /* main.m */; };
		6B7D93CE1A1187D00023E42D /* AppDelegate.m in Sources */ = {isa = PBXBuildFile; fileRef = 6B7D93CD1A1187D00023E42D /* AppDelegate.m */; };
		6B7D93D11A1187D00023E42D /* StackOFClient.xcdatamodeld in Sources */ = {isa = PBXBuildFile; fileRef = 6B7D93CF1A1187D00023E42D /* StackOFClient.xcdatamodeld */; };
		6B7D93D41A1187D00023E42D /* MenuViewController.m in Sources */ = {isa = PBXBuildFile; fileRef = 6B7D93D31A1187D00023E42D /* MenuViewController.m */; };
		6B7D93D71A1187D00023E42D /* Main.storyboard in Resources */ = {isa = PBXBuildFile; fileRef = 6B7D93D51A1187D00023E42D /* Main.storyboard */; };
		6B7D93D91A1187D00023E42D /* Images.xcassets in Resources */ = {isa = PBXBuildFile; fileRef = 6B7D93D81A1187D00023E42D /* Images.xcassets */; };
		6B7D93DC1A1187D00023E42D /* LaunchScreen.xib in Resources */ = {isa = PBXBuildFile; fileRef = 6B7D93DA1A1187D00023E42D /* LaunchScreen.xib */; };
		6B7D93E81A1187D00023E42D /* StackOFClientTests.m in Sources */ = {isa = PBXBuildFile; fileRef = 6B7D93E71A1187D00023E42D /* StackOFClientTests.m */; };
		6B7D93F31A11889D0023E42D /* SplitViewController.m in Sources */ = {isa = PBXBuildFile; fileRef = 6B7D93F21A11889D0023E42D /* SplitViewController.m */; };
		6B7D93F61A118BED0023E42D /* QuestionSearchViewController.m in Sources */ = {isa = PBXBuildFile; fileRef = 6B7D93F51A118BED0023E42D /* QuestionSearchViewController.m */; };
		6B7D93F91A118FFD0023E42D /* Question.m in Sources */ = {isa = PBXBuildFile; fileRef = 6B7D93F81A118FFD0023E42D /* Question.m */; };
		6B7D93FD1A1192CC0023E42D /* User.m in Sources */ = {isa = PBXBuildFile; fileRef = 6B7D93FC1A1192CC0023E42D /* User.m */; };
		6B7D94021A1193FB0023E42D /* NetworkController.m in Sources */ = {isa = PBXBuildFile; fileRef = 6B7D94011A1193FB0023E42D /* NetworkController.m */; };
		6B7D94051A12CF730023E42D /* WebViewController.m in Sources */ = {isa = PBXBuildFile; fileRef = 6B7D94041A12CF730023E42D /* WebViewController.m */; };
		6B7D94081A12E6070023E42D /* QuestionDetailViewController.m in Sources */ = {isa = PBXBuildFile; fileRef = 6B7D94071A12E6070023E42D /* QuestionDetailViewController.m */; };
/* End PBXBuildFile section */

/* Begin PBXContainerItemProxy section */
		6B7D93E21A1187D00023E42D /* PBXContainerItemProxy */ = {
			isa = PBXContainerItemProxy;
			containerPortal = 6B7D93BD1A1187D00023E42D /* Project object */;
			proxyType = 1;
			remoteGlobalIDString = 6B7D93C41A1187D00023E42D;
			remoteInfo = StackOFClient;
		};
/* End PBXContainerItemProxy section */

/* Begin PBXFileReference section */
		6B7D93C51A1187D00023E42D /* StackOFClient.app */ = {isa = PBXFileReference; explicitFileType = wrapper.application; includeInIndex = 0; path = StackOFClient.app; sourceTree = BUILT_PRODUCTS_DIR; };
		6B7D93C91A1187D00023E42D /* Info.plist */ = {isa = PBXFileReference; lastKnownFileType = text.plist.xml; path = Info.plist; sourceTree = "<group>"; };
		6B7D93CA1A1187D00023E42D /* main.m */ = {isa = PBXFileReference; lastKnownFileType = sourcecode.c.objc; path = main.m; sourceTree = "<group>"; };
		6B7D93CC1A1187D00023E42D /* AppDelegate.h */ = {isa = PBXFileReference; lastKnownFileType = sourcecode.c.h; path = AppDelegate.h; sourceTree = "<group>"; };
		6B7D93CD1A1187D00023E42D /* AppDelegate.m */ = {isa = PBXFileReference; lastKnownFileType = sourcecode.c.objc; path = AppDelegate.m; sourceTree = "<group>"; };
		6B7D93D01A1187D00023E42D /* StackOFClient.xcdatamodel */ = {isa = PBXFileReference; lastKnownFileType = wrapper.xcdatamodel; path = StackOFClient.xcdatamodel; sourceTree = "<group>"; };
		6B7D93D21A1187D00023E42D /* MenuViewController.h */ = {isa = PBXFileReference; lastKnownFileType = sourcecode.c.h; path = MenuViewController.h; sourceTree = "<group>"; };
		6B7D93D31A1187D00023E42D /* MenuViewController.m */ = {isa = PBXFileReference; lastKnownFileType = sourcecode.c.objc; path = MenuViewController.m; sourceTree = "<group>"; };
		6B7D93D61A1187D00023E42D /* Base */ = {isa = PBXFileReference; lastKnownFileType = file.storyboard; name = Base; path = Base.lproj/Main.storyboard; sourceTree = "<group>"; };
		6B7D93D81A1187D00023E42D /* Images.xcassets */ = {isa = PBXFileReference; lastKnownFileType = folder.assetcatalog; path = Images.xcassets; sourceTree = "<group>"; };
		6B7D93DB1A1187D00023E42D /* Base */ = {isa = PBXFileReference; lastKnownFileType = file.xib; name = Base; path = Base.lproj/LaunchScreen.xib; sourceTree = "<group>"; };
		6B7D93E11A1187D00023E42D /* StackOFClientTests.xctest */ = {isa = PBXFileReference; explicitFileType = wrapper.cfbundle; includeInIndex = 0; path = StackOFClientTests.xctest; sourceTree = BUILT_PRODUCTS_DIR; };
		6B7D93E61A1187D00023E42D /* Info.plist */ = {isa = PBXFileReference; lastKnownFileType = text.plist.xml; path = Info.plist; sourceTree = "<group>"; };
		6B7D93E71A1187D00023E42D /* StackOFClientTests.m */ = {isa = PBXFileReference; lastKnownFileType = sourcecode.c.objc; path = StackOFClientTests.m; sourceTree = "<group>"; };
		6B7D93F11A11889D0023E42D /* SplitViewController.h */ = {isa = PBXFileReference; fileEncoding = 4; lastKnownFileType = sourcecode.c.h; path = SplitViewController.h; sourceTree = "<group>"; };
		6B7D93F21A11889D0023E42D /* SplitViewController.m */ = {isa = PBXFileReference; fileEncoding = 4; lastKnownFileType = sourcecode.c.objc; path = SplitViewController.m; sourceTree = "<group>"; };
		6B7D93F41A118BED0023E42D /* QuestionSearchViewController.h */ = {isa = PBXFileReference; fileEncoding = 4; lastKnownFileType = sourcecode.c.h; path = QuestionSearchViewController.h; sourceTree = "<group>"; };
		6B7D93F51A118BED0023E42D /* QuestionSearchViewController.m */ = {isa = PBXFileReference; fileEncoding = 4; lastKnownFileType = sourcecode.c.objc; path = QuestionSearchViewController.m; sourceTree = "<group>"; };
		6B7D93F71A118FFD0023E42D /* Question.h */ = {isa = PBXFileReference; fileEncoding = 4; lastKnownFileType = sourcecode.c.h; path = Question.h; sourceTree = "<group>"; };
		6B7D93F81A118FFD0023E42D /* Question.m */ = {isa = PBXFileReference; fileEncoding = 4; lastKnownFileType = sourcecode.c.objc; path = Question.m; sourceTree = "<group>"; };
		6B7D93FC1A1192CC0023E42D /* User.m */ = {isa = PBXFileReference; fileEncoding = 4; lastKnownFileType = sourcecode.c.objc; path = User.m; sourceTree = "<group>"; };
		6B7D93FF1A1192E10023E42D /* User.h */ = {isa = PBXFileReference; lastKnownFileType = sourcecode.c.h; path = User.h; sourceTree = "<group>"; };
		6B7D94001A1193FB0023E42D /* NetworkController.h */ = {isa = PBXFileReference; fileEncoding = 4; lastKnownFileType = sourcecode.c.h; path = NetworkController.h; sourceTree = "<group>"; };
		6B7D94011A1193FB0023E42D /* NetworkController.m */ = {isa = PBXFileReference; fileEncoding = 4; lastKnownFileType = sourcecode.c.objc; path = NetworkController.m; sourceTree = "<group>"; };
		6B7D94031A12CF730023E42D /* WebViewController.h */ = {isa = PBXFileReference; fileEncoding = 4; lastKnownFileType = sourcecode.c.h; path = WebViewController.h; sourceTree = "<group>"; };
		6B7D94041A12CF730023E42D /* WebViewController.m */ = {isa = PBXFileReference; fileEncoding = 4; lastKnownFileType = sourcecode.c.objc; path = WebViewController.m; sourceTree = "<group>"; };
		6B7D94061A12E6070023E42D /* QuestionDetailViewController.h */ = {isa = PBXFileReference; fileEncoding = 4; lastKnownFileType = sourcecode.c.h; path = QuestionDetailViewController.h; sourceTree = "<group>"; };
		6B7D94071A12E6070023E42D /* QuestionDetailViewController.m */ = {isa = PBXFileReference; fileEncoding = 4; lastKnownFileType = sourcecode.c.objc; path = QuestionDetailViewController.m; sourceTree = "<group>"; };
/* End PBXFileReference section */

/* Begin PBXFrameworksBuildPhase section */
		6B7D93C21A1187D00023E42D /* Frameworks */ = {
			isa = PBXFrameworksBuildPhase;
			buildActionMask = 2147483647;
			files = (
			);
			runOnlyForDeploymentPostprocessing = 0;
		};
		6B7D93DE1A1187D00023E42D /* Frameworks */ = {
			isa = PBXFrameworksBuildPhase;
			buildActionMask = 2147483647;
			files = (
			);
			runOnlyForDeploymentPostprocessing = 0;
		};
/* End PBXFrameworksBuildPhase section */

/* Begin PBXGroup section */
		6B7D93BC1A1187D00023E42D = {
			isa = PBXGroup;
			children = (
				6B7D93C71A1187D00023E42D /* StackOFClient */,
				6B7D93E41A1187D00023E42D /* StackOFClientTests */,
				6B7D93C61A1187D00023E42D /* Products */,
			);
			sourceTree = "<group>";
		};
		6B7D93C61A1187D00023E42D /* Products */ = {
			isa = PBXGroup;
			children = (
				6B7D93C51A1187D00023E42D /* StackOFClient.app */,
				6B7D93E11A1187D00023E42D /* StackOFClientTests.xctest */,
			);
			name = Products;
			sourceTree = "<group>";
		};
		6B7D93C71A1187D00023E42D /* StackOFClient */ = {
			isa = PBXGroup;
			children = (
				6B7D93FA1A1190EB0023E42D /* Controller */,
				6B7D93FB1A1191010023E42D /* Model */,
				6B7D93F71A118FFD0023E42D /* Question.h */,
				6B7D93F81A118FFD0023E42D /* Question.m */,
				6B7D93FF1A1192E10023E42D /* User.h */,
				6B7D93FC1A1192CC0023E42D /* User.m */,
				6B7D93D51A1187D00023E42D /* Main.storyboard */,
				6B7D93D81A1187D00023E42D /* Images.xcassets */,
				6B7D93DA1A1187D00023E42D /* LaunchScreen.xib */,
				6B7D93CF1A1187D00023E42D /* StackOFClient.xcdatamodeld */,
				6B7D93C81A1187D00023E42D /* Supporting Files */,
			);
			path = StackOFClient;
			sourceTree = "<group>";
		};
		6B7D93C81A1187D00023E42D /* Supporting Files */ = {
			isa = PBXGroup;
			children = (
				6B7D93C91A1187D00023E42D /* Info.plist */,
				6B7D93CA1A1187D00023E42D /* main.m */,
			);
			name = "Supporting Files";
			sourceTree = "<group>";
		};
		6B7D93E41A1187D00023E42D /* StackOFClientTests */ = {
			isa = PBXGroup;
			children = (
				6B7D93E71A1187D00023E42D /* StackOFClientTests.m */,
				6B7D93E51A1187D00023E42D /* Supporting Files */,
			);
			path = StackOFClientTests;
			sourceTree = "<group>";
		};
		6B7D93E51A1187D00023E42D /* Supporting Files */ = {
			isa = PBXGroup;
			children = (
				6B7D93E61A1187D00023E42D /* Info.plist */,
			);
			name = "Supporting Files";
			sourceTree = "<group>";
		};
		6B7D93FA1A1190EB0023E42D /* Controller */ = {
			isa = PBXGroup;
			children = (
				6B7D93CC1A1187D00023E42D /* AppDelegate.h */,
				6B7D93CD1A1187D00023E42D /* AppDelegate.m */,
				6B7D93D21A1187D00023E42D /* MenuViewController.h */,
				6B7D93D31A1187D00023E42D /* MenuViewController.m */,
				6B7D93F11A11889D0023E42D /* SplitViewController.h */,
				6B7D93F21A11889D0023E42D /* SplitViewController.m */,
				6B7D93F41A118BED0023E42D /* QuestionSearchViewController.h */,
				6B7D93F51A118BED0023E42D /* QuestionSearchViewController.m */,
				6B7D94061A12E6070023E42D /* QuestionDetailViewController.h */,
				6B7D94071A12E6070023E42D /* QuestionDetailViewController.m */,
				6B7D94031A12CF730023E42D /* WebViewController.h */,
				6B7D94041A12CF730023E42D /* WebViewController.m */,
				6B7D94001A1193FB0023E42D /* NetworkController.h */,
				6B7D94011A1193FB0023E42D /* NetworkController.m */,
			);
			name = Controller;
			sourceTree = "<group>";
		};
		6B7D93FB1A1191010023E42D /* Model */ = {
			isa = PBXGroup;
			children = (
			);
			name = Model;
			sourceTree = "<group>";
		};
/* End PBXGroup section */

/* Begin PBXNativeTarget section */
		6B7D93C41A1187D00023E42D /* StackOFClient */ = {
			isa = PBXNativeTarget;
			buildConfigurationList = 6B7D93EB1A1187D00023E42D /* Build configuration list for PBXNativeTarget "StackOFClient" */;
			buildPhases = (
				6B7D93C11A1187D00023E42D /* Sources */,
				6B7D93C21A1187D00023E42D /* Frameworks */,
				6B7D93C31A1187D00023E42D /* Resources */,
			);
			buildRules = (
			);
			dependencies = (
			);
			name = StackOFClient;
			productName = StackOFClient;
			productReference = 6B7D93C51A1187D00023E42D /* StackOFClient.app */;
			productType = "com.apple.product-type.application";
		};
		6B7D93E01A1187D00023E42D /* StackOFClientTests */ = {
			isa = PBXNativeTarget;
			buildConfigurationList = 6B7D93EE1A1187D00023E42D /* Build configuration list for PBXNativeTarget "StackOFClientTests" */;
			buildPhases = (
				6B7D93DD1A1187D00023E42D /* Sources */,
				6B7D93DE1A1187D00023E42D /* Frameworks */,
				6B7D93DF1A1187D00023E42D /* Resources */,
			);
			buildRules = (
			);
			dependencies = (
				6B7D93E31A1187D00023E42D /* PBXTargetDependency */,
			);
			name = StackOFClientTests;
			productName = StackOFClientTests;
			productReference = 6B7D93E11A1187D00023E42D /* StackOFClientTests.xctest */;
			productType = "com.apple.product-type.bundle.unit-test";
		};
/* End PBXNativeTarget section */

/* Begin PBXProject section */
		6B7D93BD1A1187D00023E42D /* Project object */ = {
			isa = PBXProject;
			attributes = {
				LastUpgradeCheck = 0610;
				ORGANIZATIONNAME = "Jeff Chavez";
				TargetAttributes = {
					6B7D93C41A1187D00023E42D = {
						CreatedOnToolsVersion = 6.1;
					};
					6B7D93E01A1187D00023E42D = {
						CreatedOnToolsVersion = 6.1;
						TestTargetID = 6B7D93C41A1187D00023E42D;
					};
				};
			};
			buildConfigurationList = 6B7D93C01A1187D00023E42D /* Build configuration list for PBXProject "StackOFClient" */;
			compatibilityVersion = "Xcode 3.2";
			developmentRegion = English;
			hasScannedForEncodings = 0;
			knownRegions = (
				en,
				Base,
			);
			mainGroup = 6B7D93BC1A1187D00023E42D;
			productRefGroup = 6B7D93C61A1187D00023E42D /* Products */;
			projectDirPath = "";
			projectRoot = "";
			targets = (
				6B7D93C41A1187D00023E42D /* StackOFClient */,
				6B7D93E01A1187D00023E42D /* StackOFClientTests */,
			);
		};
/* End PBXProject section */

/* Begin PBXResourcesBuildPhase section */
		6B7D93C31A1187D00023E42D /* Resources */ = {
			isa = PBXResourcesBuildPhase;
			buildActionMask = 2147483647;
			files = (
				6B7D93D71A1187D00023E42D /* Main.storyboard in Resources */,
				6B7D93DC1A1187D00023E42D /* LaunchScreen.xib in Resources */,
				6B7D93D91A1187D00023E42D /* Images.xcassets in Resources */,
			);
			runOnlyForDeploymentPostprocessing = 0;
		};
		6B7D93DF1A1187D00023E42D /* Resources */ = {
			isa = PBXResourcesBuildPhase;
			buildActionMask = 2147483647;
			files = (
			);
			runOnlyForDeploymentPostprocessing = 0;
		};
/* End PBXResourcesBuildPhase section */

/* Begin PBXSourcesBuildPhase section */
		6B7D93C11A1187D00023E42D /* Sources */ = {
			isa = PBXSourcesBuildPhase;
			buildActionMask = 2147483647;
			files = (
				6B7D93FD1A1192CC0023E42D /* User.m in Sources */,
				6B7D94051A12CF730023E42D /* WebViewController.m in Sources */,
				6B7D93F61A118BED0023E42D /* QuestionSearchViewController.m in Sources */,
				6B7D93CE1A1187D00023E42D /* AppDelegate.m in Sources */,
				6B7D93D11A1187D00023E42D /* StackOFClient.xcdatamodeld in Sources */,
				6B7D93F31A11889D0023E42D /* SplitViewController.m in Sources */,
				6B7D94081A12E6070023E42D /* QuestionDetailViewController.m in Sources */,
				6B7D93F91A118FFD0023E42D /* Question.m in Sources */,
				6B7D93D41A1187D00023E42D /* MenuViewController.m in Sources */,
				6B7D94021A1193FB0023E42D /* NetworkController.m in Sources */,
				6B7D93CB1A1187D00023E42D /* main.m in Sources */,
			);
			runOnlyForDeploymentPostprocessing = 0;
		};
		6B7D93DD1A1187D00023E42D /* Sources */ = {
			isa = PBXSourcesBuildPhase;
			buildActionMask = 2147483647;
			files = (
				6B7D93E81A1187D00023E42D /* StackOFClientTests.m in Sources */,
			);
			runOnlyForDeploymentPostprocessing = 0;
		};
/* End PBXSourcesBuildPhase section */

/* Begin PBXTargetDependency section */
		6B7D93E31A1187D00023E42D /* PBXTargetDependency */ = {
			isa = PBXTargetDependency;
			target = 6B7D93C41A1187D00023E42D /* StackOFClient */;
			targetProxy = 6B7D93E21A1187D00023E42D /* PBXContainerItemProxy */;
		};
/* End PBXTargetDependency section */

/* Begin PBXVariantGroup section */
		6B7D93D51A1187D00023E42D /* Main.storyboard */ = {
			isa = PBXVariantGroup;
			children = (
				6B7D93D61A1187D00023E42D /* Base */,
			);
			name = Main.storyboard;
			sourceTree = "<group>";
		};
		6B7D93DA1A1187D00023E42D /* LaunchScreen.xib */ = {
			isa = PBXVariantGroup;
			children = (
				6B7D93DB1A1187D00023E42D /* Base */,
			);
			name = LaunchScreen.xib;
			sourceTree = "<group>";
		};
/* End PBXVariantGroup section */

/* Begin XCBuildConfiguration section */
		6B7D93E91A1187D00023E42D /* Debug */ = {
			isa = XCBuildConfiguration;
			buildSettings = {
				ALWAYS_SEARCH_USER_PATHS = NO;
				CLANG_CXX_LANGUAGE_STANDARD = "gnu++0x";
				CLANG_CXX_LIBRARY = "libc++";
				CLANG_ENABLE_MODULES = YES;
				CLANG_ENABLE_OBJC_ARC = YES;
				CLANG_WARN_BOOL_CONVERSION = YES;
				CLANG_WARN_CONSTANT_CONVERSION = YES;
				CLANG_WARN_DIRECT_OBJC_ISA_USAGE = YES_ERROR;
				CLANG_WARN_EMPTY_BODY = YES;
				CLANG_WARN_ENUM_CONVERSION = YES;
				CLANG_WARN_INT_CONVERSION = YES;
				CLANG_WARN_OBJC_ROOT_CLASS = YES_ERROR;
				CLANG_WARN_UNREACHABLE_CODE = YES;
				CLANG_WARN__DUPLICATE_METHOD_MATCH = YES;
				"CODE_SIGN_IDENTITY[sdk=iphoneos*]" = "iPhone Developer";
				COPY_PHASE_STRIP = NO;
				ENABLE_STRICT_OBJC_MSGSEND = YES;
				GCC_C_LANGUAGE_STANDARD = gnu99;
				GCC_DYNAMIC_NO_PIC = NO;
				GCC_OPTIMIZATION_LEVEL = 0;
				GCC_PREPROCESSOR_DEFINITIONS = (
					"DEBUG=1",
					"$(inherited)",
				);
				GCC_SYMBOLS_PRIVATE_EXTERN = NO;
				GCC_WARN_64_TO_32_BIT_CONVERSION = YES;
				GCC_WARN_ABOUT_RETURN_TYPE = YES_ERROR;
				GCC_WARN_UNDECLARED_SELECTOR = YES;
				GCC_WARN_UNINITIALIZED_AUTOS = YES_AGGRESSIVE;
				GCC_WARN_UNUSED_FUNCTION = YES;
				GCC_WARN_UNUSED_VARIABLE = YES;
				IPHONEOS_DEPLOYMENT_TARGET = 8.1;
				MTL_ENABLE_DEBUG_INFO = YES;
				ONLY_ACTIVE_ARCH = YES;
				SDKROOT = iphoneos;
				TARGETED_DEVICE_FAMILY = "1,2";
			};
			name = Debug;
		};
		6B7D93EA1A1187D00023E42D /* Release */ = {
			isa = XCBuildConfiguration;
			buildSettings = {
				ALWAYS_SEARCH_USER_PATHS = NO;
				CLANG_CXX_LANGUAGE_STANDARD = "gnu++0x";
				CLANG_CXX_LIBRARY = "libc++";
				CLANG_ENABLE_MODULES = YES;
				CLANG_ENABLE_OBJC_ARC = YES;
				CLANG_WARN_BOOL_CONVERSION = YES;
				CLANG_WARN_CONSTANT_CONVERSION = YES;
				CLANG_WARN_DIRECT_OBJC_ISA_USAGE = YES_ERROR;
				CLANG_WARN_EMPTY_BODY = YES;
				CLANG_WARN_ENUM_CONVERSION = YES;
				CLANG_WARN_INT_CONVERSION = YES;
				CLANG_WARN_OBJC_ROOT_CLASS = YES_ERROR;
				CLANG_WARN_UNREACHABLE_CODE = YES;
				CLANG_WARN__DUPLICATE_METHOD_MATCH = YES;
				"CODE_SIGN_IDENTITY[sdk=iphoneos*]" = "iPhone Developer";
				COPY_PHASE_STRIP = YES;
				ENABLE_NS_ASSERTIONS = NO;
				ENABLE_STRICT_OBJC_MSGSEND = YES;
				GCC_C_LANGUAGE_STANDARD = gnu99;
				GCC_WARN_64_TO_32_BIT_CONVERSION = YES;
				GCC_WARN_ABOUT_RETURN_TYPE = YES_ERROR;
				GCC_WARN_UNDECLARED_SELECTOR = YES;
				GCC_WARN_UNINITIALIZED_AUTOS = YES_AGGRESSIVE;
				GCC_WARN_UNUSED_FUNCTION = YES;
				GCC_WARN_UNUSED_VARIABLE = YES;
				IPHONEOS_DEPLOYMENT_TARGET = 8.1;
				MTL_ENABLE_DEBUG_INFO = NO;
				SDKROOT = iphoneos;
				TARGETED_DEVICE_FAMILY = "1,2";
				VALIDATE_PRODUCT = YES;
			};
			name = Release;
		};
		6B7D93EC1A1187D00023E42D /* Debug */ = {
			isa = XCBuildConfiguration;
			buildSettings = {
				ASSETCATALOG_COMPILER_APPICON_NAME = AppIcon;
				INFOPLIST_FILE = StackOFClient/Info.plist;
				LD_RUNPATH_SEARCH_PATHS = "$(inherited) @executable_path/Frameworks";
				PRODUCT_NAME = "$(TARGET_NAME)";
			};
			name = Debug;
		};
		6B7D93ED1A1187D00023E42D /* Release */ = {
			isa = XCBuildConfiguration;
			buildSettings = {
				ASSETCATALOG_COMPILER_APPICON_NAME = AppIcon;
				INFOPLIST_FILE = StackOFClient/Info.plist;
				LD_RUNPATH_SEARCH_PATHS = "$(inherited) @executable_path/Frameworks";
				PRODUCT_NAME = "$(TARGET_NAME)";
			};
			name = Release;
		};
		6B7D93EF1A1187D00023E42D /* Debug */ = {
			isa = XCBuildConfiguration;
			buildSettings = {
				BUNDLE_LOADER = "$(TEST_HOST)";
				FRAMEWORK_SEARCH_PATHS = (
					"$(SDKROOT)/Developer/Library/Frameworks",
					"$(inherited)",
				);
				GCC_PREPROCESSOR_DEFINITIONS = (
					"DEBUG=1",
					"$(inherited)",
				);
				INFOPLIST_FILE = StackOFClientTests/Info.plist;
				LD_RUNPATH_SEARCH_PATHS = "$(inherited) @executable_path/Frameworks @loader_path/Frameworks";
				PRODUCT_NAME = "$(TARGET_NAME)";
				TEST_HOST = "$(BUILT_PRODUCTS_DIR)/StackOFClient.app/StackOFClient";
			};
			name = Debug;
		};
		6B7D93F01A1187D00023E42D /* Release */ = {
			isa = XCBuildConfiguration;
			buildSettings = {
				BUNDLE_LOADER = "$(TEST_HOST)";
				FRAMEWORK_SEARCH_PATHS = (
					"$(SDKROOT)/Developer/Library/Frameworks",
					"$(inherited)",
				);
				INFOPLIST_FILE = StackOFClientTests/Info.plist;
				LD_RUNPATH_SEARCH_PATHS = "$(inherited) @executable_path/Frameworks @loader_path/Frameworks";
				PRODUCT_NAME = "$(TARGET_NAME)";
				TEST_HOST = "$(BUILT_PRODUCTS_DIR)/StackOFClient.app/StackOFClient";
			};
			name = Release;
		};
/* End XCBuildConfiguration section */

/* Begin XCConfigurationList section */
		6B7D93C01A1187D00023E42D /* Build configuration list for PBXProject "StackOFClient" */ = {
			isa = XCConfigurationList;
			buildConfigurations = (
				6B7D93E91A1187D00023E42D /* Debug */,
				6B7D93EA1A1187D00023E42D /* Release */,
			);
			defaultConfigurationIsVisible = 0;
			defaultConfigurationName = Release;
		};
		6B7D93EB1A1187D00023E42D /* Build configuration list for PBXNativeTarget "StackOFClient" */ = {
			isa = XCConfigurationList;
			buildConfigurations = (
				6B7D93EC1A1187D00023E42D /* Debug */,
				6B7D93ED1A1187D00023E42D /* Release */,
			);
			defaultConfigurationIsVisible = 0;
		};
		6B7D93EE1A1187D00023E42D /* Build configuration list for PBXNativeTarget "StackOFClientTests" */ = {
			isa = XCConfigurationList;
			buildConfigurations = (
				6B7D93EF1A1187D00023E42D /* Debug */,
				6B7D93F01A1187D00023E42D /* Release */,
			);
			defaultConfigurationIsVisible = 0;
		};
/* End XCConfigurationList section */

/* Begin XCVersionGroup section */
		6B7D93CF1A1187D00023E42D /* StackOFClient.xcdatamodeld */ = {
			isa = XCVersionGroup;
			children = (
				6B7D93D01A1187D00023E42D /* StackOFClient.xcdatamodel */,
			);
			currentVersion = 6B7D93D01A1187D00023E42D /* StackOFClient.xcdatamodel */;
			path = StackOFClient.xcdatamodeld;
			sourceTree = "<group>";
			versionGroupType = wrapper.xcdatamodel;
		};
/* End XCVersionGroup section */
	};
	rootObject = 6B7D93BD1A1187D00023E42D /* Project object */;
}
